
Microsoft Visual Studio Solution File, Format Version 12.00
# Visual Studio 2013
VisualStudioVersion = 12.0.31101.0
MinimumVisualStudioVersion = 10.0.40219.1
Project("{FAE04EC0-301F-11D3-BF4B-00C04F79EFBC}") = "MvcApi", "MvcApi\MvcApi.csproj", "{35FE3ADC-9D14-4C4E-A168-167513BFB89A}"
EndProject
Global
	GlobalSection(SolutionConfigurationPlatforms) = preSolution
		Debug|Any CPU = Debug|Any CPU
		Release|Any CPU = Release|Any CPU
	EndGlobalSection
	GlobalSection(ProjectConfigurationPlatforms) = postSolution
		{35FE3ADC-9D14-4C4E-A168-167513BFB89A}.Debug|Any CPU.ActiveCfg = Debug|Any CPU
		{35FE3ADC-9D14-4C4E-A168-167513BFB89A}.Debug|Any CPU.Build.0 = Debug|Any CPU
		{35FE3ADC-9D14-4C4E-A168-167513BFB89A}.Release|Any CPU.ActiveCfg = Release|Any CPU
		{35FE3ADC-9D14-4C4E-A168-167513BFB89A}.Release|Any CPU.Build.0 = Release|Any CPU
	EndGlobalSection
	GlobalSection(SolutionProperties) = preSolution
		HideSolutionNode = FALSE
	EndGlobalSection
EndGlobal
